
Microsoft Visual Studio Solution File, Format Version 12.00
# Visual Studio Version 17
VisualStudioVersion = 17.3.32901.215
MinimumVisualStudioVersion = 10.0.40219.1
Project("{FAE04EC0-301F-11D3-BF4B-00C04F79EFBC}") = "Misa.CukCukMaterial.CTM.API.NTier", "Misa.CukCukMaterial.CTM.API.NTier\Misa.CukCukMaterial.CTM.API.NTier.csproj", "{8AA05D7F-8F67-40F9-A183-14C5531EB8D7}"
EndProject
Project("{FAE04EC0-301F-11D3-BF4B-00C04F79EFBC}") = "Misa.CukCukMaterial.CTM.BL", "Misa.CukCukMaterial.CTM.BL\Misa.CukCukMaterial.CTM.BL.csproj", "{4D9B5343-20C3-4D51-9DCA-51C9F3EA6F56}"
EndProject
Project("{FAE04EC0-301F-11D3-BF4B-00C04F79EFBC}") = "Misa.CukCukMaterial.CTM.DL", "Misa.CukCukMaterial.CTM.DL\Misa.CukCukMaterial.CTM.DL.csproj", "{7CA594A9-B347-4F22-9408-CDED6F79F12E}"
EndProject
Project("{FAE04EC0-301F-11D3-BF4B-00C04F79EFBC}") = "Misa.CukCukMaterial.CTM.Common", "Misa.CukCukMaterial.CTM.Common\Misa.CukCukMaterial.CTM.Common.csproj", "{19C3571E-4983-4CCA-89DF-C82094FC3145}"
EndProject
Global
	GlobalSection(SolutionConfigurationPlatforms) = preSolution
		Debug|Any CPU = Debug|Any CPU
		Release|Any CPU = Release|Any CPU
	EndGlobalSection
	GlobalSection(ProjectConfigurationPlatforms) = postSolution
		{8AA05D7F-8F67-40F9-A183-14C5531EB8D7}.Debug|Any CPU.ActiveCfg = Debug|Any CPU
		{8AA05D7F-8F67-40F9-A183-14C5531EB8D7}.Debug|Any CPU.Build.0 = Debug|Any CPU
		{8AA05D7F-8F67-40F9-A183-14C5531EB8D7}.Release|Any CPU.ActiveCfg = Release|Any CPU
		{8AA05D7F-8F67-40F9-A183-14C5531EB8D7}.Release|Any CPU.Build.0 = Release|Any CPU
		{4D9B5343-20C3-4D51-9DCA-51C9F3EA6F56}.Debug|Any CPU.ActiveCfg = Debug|Any CPU
		{4D9B5343-20C3-4D51-9DCA-51C9F3EA6F56}.Debug|Any CPU.Build.0 = Debug|Any CPU
		{4D9B5343-20C3-4D51-9DCA-51C9F3EA6F56}.Release|Any CPU.ActiveCfg = Release|Any CPU
		{4D9B5343-20C3-4D51-9DCA-51C9F3EA6F56}.Release|Any CPU.Build.0 = Release|Any CPU
		{7CA594A9-B347-4F22-9408-CDED6F79F12E}.Debug|Any CPU.ActiveCfg = Debug|Any CPU
		{7CA594A9-B347-4F22-9408-CDED6F79F12E}.Debug|Any CPU.Build.0 = Debug|Any CPU
		{7CA594A9-B347-4F22-9408-CDED6F79F12E}.Release|Any CPU.ActiveCfg = Release|Any CPU
		{7CA594A9-B347-4F22-9408-CDED6F79F12E}.Release|Any CPU.Build.0 = Release|Any CPU
		{19C3571E-4983-4CCA-89DF-C82094FC3145}.Debug|Any CPU.ActiveCfg = Debug|Any CPU
		{19C3571E-4983-4CCA-89DF-C82094FC3145}.Debug|Any CPU.Build.0 = Debug|Any CPU
		{19C3571E-4983-4CCA-89DF-C82094FC3145}.Release|Any CPU.ActiveCfg = Release|Any CPU
		{19C3571E-4983-4CCA-89DF-C82094FC3145}.Release|Any CPU.Build.0 = Release|Any CPU
	EndGlobalSection
	GlobalSection(SolutionProperties) = preSolution
		HideSolutionNode = FALSE
	EndGlobalSection
	GlobalSection(ExtensibilityGlobals) = postSolution
		SolutionGuid = {363A9D23-A408-4B13-9CFD-413842490918}
	EndGlobalSection
EndGlobal
